
Microsoft Visual Studio Solution File, Format Version 12.00
# Visual Studio Version 16
VisualStudioVersion = 16.0.30114.105
MinimumVisualStudioVersion = 10.0.40219.1
Project("{9A19103F-16F7-4668-BE54-9A1E7A4F7556}") = "InfoService", "InfoService\InfoService.csproj", "{EDBD723D-E9B8-4667-B53B-1AE0C1CEAB42}"
EndProject
Project("{FAE04EC0-301F-11D3-BF4B-00C04F79EFBC}") = "InfoServiceDataLayer", "InfoServiceDataLayer\InfoServiceDataLayer.csproj", "{A66F7827-F414-4691-B5B6-67C43BF04F21}"
EndProject
Global
	GlobalSection(SolutionConfigurationPlatforms) = preSolution
		Debug|Any CPU = Debug|Any CPU
		Release|Any CPU = Release|Any CPU
	EndGlobalSection
	GlobalSection(ProjectConfigurationPlatforms) = postSolution
		{EDBD723D-E9B8-4667-B53B-1AE0C1CEAB42}.Debug|Any CPU.ActiveCfg = Debug|Any CPU
		{EDBD723D-E9B8-4667-B53B-1AE0C1CEAB42}.Debug|Any CPU.Build.0 = Debug|Any CPU
		{EDBD723D-E9B8-4667-B53B-1AE0C1CEAB42}.Release|Any CPU.ActiveCfg = Release|Any CPU
		{EDBD723D-E9B8-4667-B53B-1AE0C1CEAB42}.Release|Any CPU.Build.0 = Release|Any CPU
		{A66F7827-F414-4691-B5B6-67C43BF04F21}.Debug|Any CPU.ActiveCfg = Debug|Any CPU
		{A66F7827-F414-4691-B5B6-67C43BF04F21}.Debug|Any CPU.Build.0 = Debug|Any CPU
		{A66F7827-F414-4691-B5B6-67C43BF04F21}.Release|Any CPU.ActiveCfg = Release|Any CPU
		{A66F7827-F414-4691-B5B6-67C43BF04F21}.Release|Any CPU.Build.0 = Release|Any CPU
	EndGlobalSection
	GlobalSection(SolutionProperties) = preSolution
		HideSolutionNode = FALSE
	EndGlobalSection
	GlobalSection(ExtensibilityGlobals) = postSolution
		SolutionGuid = {4E7F8FCA-5232-48FC-B64C-93C4C16EEB28}
	EndGlobalSection
EndGlobal
